
Microsoft Visual Studio Solution File, Format Version 12.00
# Visual Studio Version 17
VisualStudioVersion = 17.10.35122.118
MinimumVisualStudioVersion = 10.0.40219.1
Project("{9A19103F-16F7-4668-BE54-9A1E7A4F7556}") = "DataAccessLayer", "DataAccessLayer\DataAccessLayer.csproj", "{DABC2DC1-E7A4-4D4C-8B48-D456E4364CFF}"
EndProject
Project("{9A19103F-16F7-4668-BE54-9A1E7A4F7556}") = "PlannerApplication_pureBlazor", "PlannerApplication_pureBlazor\PlannerApplication_pureBlazor.csproj", "{C7DC10F5-A71E-49B6-8F53-6F026681EFD3}"
EndProject
Global
	GlobalSection(SolutionConfigurationPlatforms) = preSolution
		Debug|Any CPU = Debug|Any CPU
		Release|Any CPU = Release|Any CPU
	EndGlobalSection
	GlobalSection(ProjectConfigurationPlatforms) = postSolution
		{DABC2DC1-E7A4-4D4C-8B48-D456E4364CFF}.Debug|Any CPU.ActiveCfg = Debug|Any CPU
		{DABC2DC1-E7A4-4D4C-8B48-D456E4364CFF}.Debug|Any CPU.Build.0 = Debug|Any CPU
		{DABC2DC1-E7A4-4D4C-8B48-D456E4364CFF}.Release|Any CPU.ActiveCfg = Release|Any CPU
		{DABC2DC1-E7A4-4D4C-8B48-D456E4364CFF}.Release|Any CPU.Build.0 = Release|Any CPU
		{C7DC10F5-A71E-49B6-8F53-6F026681EFD3}.Debug|Any CPU.ActiveCfg = Debug|Any CPU
		{C7DC10F5-A71E-49B6-8F53-6F026681EFD3}.Debug|Any CPU.Build.0 = Debug|Any CPU
		{C7DC10F5-A71E-49B6-8F53-6F026681EFD3}.Release|Any CPU.ActiveCfg = Release|Any CPU
		{C7DC10F5-A71E-49B6-8F53-6F026681EFD3}.Release|Any CPU.Build.0 = Release|Any CPU
	EndGlobalSection
	GlobalSection(SolutionProperties) = preSolution
		HideSolutionNode = FALSE
	EndGlobalSection
	GlobalSection(ExtensibilityGlobals) = postSolution
		SolutionGuid = {59CFC76E-99E1-46EC-A0C2-BDE6ABCF7F98}
	EndGlobalSection
EndGlobal
